
Microsoft Visual Studio Solution File, Format Version 12.00
# Visual Studio 15
VisualStudioVersion = 15.0.26430.13
MinimumVisualStudioVersion = 10.0.40219.1
Project("{9092AA53-FB77-4645-B42D-1CCCA6BD08BD}") = "frontend", "frontend\frontend.njsproj", "{5D450CAF-EDF0-4986-B41F-E99F02C9981D}"
EndProject
Global
	GlobalSection(SolutionConfigurationPlatforms) = preSolution
		Debug|Any CPU = Debug|Any CPU
		Release|Any CPU = Release|Any CPU
	EndGlobalSection
	GlobalSection(ProjectConfigurationPlatforms) = postSolution
		{5D450CAF-EDF0-4986-B41F-E99F02C9981D}.Debug|Any CPU.ActiveCfg = Debug|Any CPU
		{5D450CAF-EDF0-4986-B41F-E99F02C9981D}.Debug|Any CPU.Build.0 = Debug|Any CPU
		{5D450CAF-EDF0-4986-B41F-E99F02C9981D}.Release|Any CPU.ActiveCfg = Release|Any CPU
		{5D450CAF-EDF0-4986-B41F-E99F02C9981D}.Release|Any CPU.Build.0 = Release|Any CPU
	EndGlobalSection
	GlobalSection(SolutionProperties) = preSolution
		HideSolutionNode = FALSE
	EndGlobalSection
EndGlobal
